{
  "requires": true,
  "lockfileVersion": 1,
  "dependencies": {
    "@popperjs/core": {
      "version": "2.0.0-rc.3",
      "resolved": "https://registry.npmjs.org/@popperjs/core/-/core-2.0.0-rc.3.tgz",
      "integrity": "sha512-GqczvJIO6yh6OmPlJdEsVGDQ48twFV3iJUnj3JugVpoBnyM5fQE99E2fVCQZs6qS9AiQ4w/lEiW25m+GwbcCkA=="
    }
  }
}
